
Microsoft Visual Studio Solution File, Format Version 12.00
# Visual Studio 15
VisualStudioVersion = 15.0.27703.2026
MinimumVisualStudioVersion = 10.0.40219.1
Project("{9A19103F-16F7-4668-BE54-9A1E7A4F7556}") = "Test", "Test\Test.csproj", "{9A5CAB77-02EF-47D1-A702-CEA2B37F3DEB}"
EndProject
Project("{2150E333-8FDC-42A3-9474-1A3956D46DE8}") = "docker", "docker", "{21CD07E1-C76F-435C-A56B-0B99255F5ABF}"
	ProjectSection(SolutionItems) = preProject
		docker\docker-compose.yml = docker\docker-compose.yml
		docker\Dockerfile = docker\Dockerfile
	EndProjectSection
EndProject
Project("{2150E333-8FDC-42A3-9474-1A3956D46DE8}") = "Source", "Source", "{293BEC5B-BCB9-4F12-BC99-6407CBAD3510}"
EndProject
Project("{9A19103F-16F7-4668-BE54-9A1E7A4F7556}") = "Client", "Source\Client\Client.csproj", "{4C76362F-92FE-4F06-8866-47CEFAE04275}"
EndProject
Project("{9A19103F-16F7-4668-BE54-9A1E7A4F7556}") = "Interface", "Source\Interface\Interface.csproj", "{A28C176A-8AFB-4613-B5AA-EFBF2A69BF98}"
EndProject
Global
	GlobalSection(SolutionConfigurationPlatforms) = preSolution
		Debug|Any CPU = Debug|Any CPU
		Release|Any CPU = Release|Any CPU
	EndGlobalSection
	GlobalSection(ProjectConfigurationPlatforms) = postSolution
		{9A5CAB77-02EF-47D1-A702-CEA2B37F3DEB}.Debug|Any CPU.ActiveCfg = Debug|Any CPU
		{9A5CAB77-02EF-47D1-A702-CEA2B37F3DEB}.Debug|Any CPU.Build.0 = Debug|Any CPU
		{9A5CAB77-02EF-47D1-A702-CEA2B37F3DEB}.Release|Any CPU.ActiveCfg = Release|Any CPU
		{9A5CAB77-02EF-47D1-A702-CEA2B37F3DEB}.Release|Any CPU.Build.0 = Release|Any CPU
		{4C76362F-92FE-4F06-8866-47CEFAE04275}.Debug|Any CPU.ActiveCfg = Debug|Any CPU
		{4C76362F-92FE-4F06-8866-47CEFAE04275}.Debug|Any CPU.Build.0 = Debug|Any CPU
		{4C76362F-92FE-4F06-8866-47CEFAE04275}.Release|Any CPU.ActiveCfg = Release|Any CPU
		{4C76362F-92FE-4F06-8866-47CEFAE04275}.Release|Any CPU.Build.0 = Release|Any CPU
		{A28C176A-8AFB-4613-B5AA-EFBF2A69BF98}.Debug|Any CPU.ActiveCfg = Debug|Any CPU
		{A28C176A-8AFB-4613-B5AA-EFBF2A69BF98}.Debug|Any CPU.Build.0 = Debug|Any CPU
		{A28C176A-8AFB-4613-B5AA-EFBF2A69BF98}.Release|Any CPU.ActiveCfg = Release|Any CPU
		{A28C176A-8AFB-4613-B5AA-EFBF2A69BF98}.Release|Any CPU.Build.0 = Release|Any CPU
	EndGlobalSection
	GlobalSection(SolutionProperties) = preSolution
		HideSolutionNode = FALSE
	EndGlobalSection
	GlobalSection(NestedProjects) = preSolution
		{4C76362F-92FE-4F06-8866-47CEFAE04275} = {293BEC5B-BCB9-4F12-BC99-6407CBAD3510}
		{A28C176A-8AFB-4613-B5AA-EFBF2A69BF98} = {293BEC5B-BCB9-4F12-BC99-6407CBAD3510}
	EndGlobalSection
	GlobalSection(ExtensibilityGlobals) = postSolution
		SolutionGuid = {25297B30-BE2F-4349-8832-CD0BAA9FF8AC}
	EndGlobalSection
EndGlobal
